github.com/davecgh/go-spew v1.1.1 h1:vj9j/u1bqnvCEfJOwUhtlOARqs3+rkHYY13jYWTU97c=
github.com/davecgh/go-spew v1.1.1/go.mod h1:J7Y8YcW2NihsgmVo/mv3lAwl/skON4iLHjSsI+c5H38=
github.com/kr/pretty v0.2.1 h1:Fmg33tUaq4/8ym9TJN1x7sLJnHVwhP33CNkpYV/7rwI=
github.com/kr/text v0.2.0 h1:5Nx0Ya0ZqY2ygV366QzturHI13Jq95ApcVaJBhpS+AY=
gopkg.in/check.v1 v0.0.0-20161208181325-20d25e280405/go.mod h1:Co6ibVJAznAaIkqp8huTwlJQCZ016jof/cbN4VW5Yz0=
gopkg.in/check.v1 v1.0.0-20201130134442-10cb98267c6c h1:Hei/4ADfdWqJk1ZMxUNpqntNwaWcugrBjAiHlqqRiVk=
gopkg.in/yaml.v2 v2.4.0 h1:D8xgwECY7CYvx+Y2n4sBz93Jn9JRvxdiyyo8CTfuKaY=
gopkg.in/yaml.v2 v2.4.0/go.mod h1:RDklbk79AGWmwhnvt/jBztapEOGDOx6ZbXqjP6csGnQ=
knative.dev/hack v0.0.0-20230417170854-f591fea109b3 h1:+W4WBOq83tfGXKhtv8OB/uJeYqze3zh69GKiz1ucuqk=
knative.dev/hack v0.0.0-20230417170854-f591fea109b3/go.mod h1:yk2OjGDsbEnQjfxdm0/HJKS2WqTLEFg/N6nUs6Rqx3Q=
knative.dev/toolbox v0.0.0-20230407111620-2aaf6de75f2e h1:EWeZZB4JY2da3t0wBJMZwjbyl3nkpqy53RhygNUGdak=
knative.dev/toolbox v0.0.0-20230407111620-2aaf6de75f2e/go.mod h1:VYBBFqSm3PLomzxAzR+09aqy8sLSuInfV9ACx4o4oAE=
sigs.k8s.io/yaml v1.3.0 h1:a2VclLzOGrwOHDiV8EfBGhvjHvP46CtW5j6POvhYGGo=
sigs.k8s.io/yaml v1.3.0/go.mod h1:GeOyir5tyXNByN85N/dRIT9es5UQNerPYEKK56eTBm8=
